
Microsoft Visual Studio Solution File, Format Version 12.00
# Visual Studio Version 17
VisualStudioVersion = 17.14.36109.1 d17.14
MinimumVisualStudioVersion = 10.0.40219.1
Project("{FAE04EC0-301F-11D3-BF4B-00C04F79EFBC}") = "Blackjack", "Blackjack\Blackjack.csproj", "{61A8F8CC-8424-4903-8522-EA83E159266E}"
EndProject
Global
	GlobalSection(SolutionConfigurationPlatforms) = preSolution
		Debug|Any CPU = Debug|Any CPU
		Release|Any CPU = Release|Any CPU
	EndGlobalSection
	GlobalSection(ProjectConfigurationPlatforms) = postSolution
		{61A8F8CC-8424-4903-8522-EA83E159266E}.Debug|Any CPU.ActiveCfg = Debug|Any CPU
		{61A8F8CC-8424-4903-8522-EA83E159266E}.Debug|Any CPU.Build.0 = Debug|Any CPU
		{61A8F8CC-8424-4903-8522-EA83E159266E}.Release|Any CPU.ActiveCfg = Release|Any CPU
		{61A8F8CC-8424-4903-8522-EA83E159266E}.Release|Any CPU.Build.0 = Release|Any CPU
	EndGlobalSection
	GlobalSection(SolutionProperties) = preSolution
		HideSolutionNode = FALSE
	EndGlobalSection
	GlobalSection(ExtensibilityGlobals) = postSolution
		SolutionGuid = {EF1221CD-B77A-4BAF-8306-9C2CAE67BE2E}
	EndGlobalSection
EndGlobal
